
Microsoft Visual Studio Solution File, Format Version 12.00
Project("{FAE04EC0-301F-11D3-BF4B-00C04F79EFBC}") = "Devsier.Utilities.TaskScheduler", "Devsier.Utilities.TaskScheduler\Devsier.Utilities.TaskScheduler.csproj", "{0E42D2C3-490E-49FF-A291-4FA51937A00D}"
EndProject
Global
	GlobalSection(SolutionConfigurationPlatforms) = preSolution
		Debug|Any CPU = Debug|Any CPU
		Release|Any CPU = Release|Any CPU
	EndGlobalSection
	GlobalSection(ProjectConfigurationPlatforms) = postSolution
		{0E42D2C3-490E-49FF-A291-4FA51937A00D}.Debug|Any CPU.ActiveCfg = Debug|Any CPU
		{0E42D2C3-490E-49FF-A291-4FA51937A00D}.Debug|Any CPU.Build.0 = Debug|Any CPU
		{0E42D2C3-490E-49FF-A291-4FA51937A00D}.Release|Any CPU.ActiveCfg = Release|Any CPU
		{0E42D2C3-490E-49FF-A291-4FA51937A00D}.Release|Any CPU.Build.0 = Release|Any CPU
	EndGlobalSection
EndGlobal
